
Microsoft Visual Studio Solution File, Format Version 9.00
# Visual Studio 2005
Project("{8BC9CEB8-8B4A-11D0-8D11-00A0C91BC942}") = "chat_server", "chat_server.vcproj", "{F057356F-89BA-4A5A-AB1E-0B1360B077C4}"
EndProject
Global
	GlobalSection(SolutionConfigurationPlatforms) = preSolution
		Debug|Win32 = Debug|Win32
		Release|Win32 = Release|Win32
	EndGlobalSection
	GlobalSection(ProjectConfigurationPlatforms) = postSolution
		{F057356F-89BA-4A5A-AB1E-0B1360B077C4}.Debug|Win32.ActiveCfg = Debug|Win32
		{F057356F-89BA-4A5A-AB1E-0B1360B077C4}.Debug|Win32.Build.0 = Debug|Win32
		{F057356F-89BA-4A5A-AB1E-0B1360B077C4}.Release|Win32.ActiveCfg = Release|Win32
		{F057356F-89BA-4A5A-AB1E-0B1360B077C4}.Release|Win32.Build.0 = Release|Win32
	EndGlobalSection
	GlobalSection(SolutionProperties) = preSolution
		HideSolutionNode = FALSE
	EndGlobalSection
EndGlobal
